
Microsoft Visual Studio Solution File, Format Version 12.00
# Visual Studio Version 17
VisualStudioVersion = 17.7.34031.279
MinimumVisualStudioVersion = 10.0.40219.1
Project("{FAE04EC0-301F-11D3-BF4B-00C04F79EFBC}") = "Azure_Cache_For_Redis_WebAPI_Example", "Azure_Cache_For_Redis_WebAPI_Example.csproj", "{8CE37310-B91E-4701-8009-EBF8BF99BEB4}"
EndProject
Global
	GlobalSection(SolutionConfigurationPlatforms) = preSolution
		Debug|Any CPU = Debug|Any CPU
		Release|Any CPU = Release|Any CPU
	EndGlobalSection
	GlobalSection(ProjectConfigurationPlatforms) = postSolution
		{8CE37310-B91E-4701-8009-EBF8BF99BEB4}.Debug|Any CPU.ActiveCfg = Debug|Any CPU
		{8CE37310-B91E-4701-8009-EBF8BF99BEB4}.Debug|Any CPU.Build.0 = Debug|Any CPU
		{8CE37310-B91E-4701-8009-EBF8BF99BEB4}.Release|Any CPU.ActiveCfg = Release|Any CPU
		{8CE37310-B91E-4701-8009-EBF8BF99BEB4}.Release|Any CPU.Build.0 = Release|Any CPU
	EndGlobalSection
	GlobalSection(SolutionProperties) = preSolution
		HideSolutionNode = FALSE
	EndGlobalSection
	GlobalSection(ExtensibilityGlobals) = postSolution
		SolutionGuid = {87B95A99-08F0-4ECA-80DE-C4C8E41CA113}
	EndGlobalSection
EndGlobal
